
Microsoft Visual Studio Solution File, Format Version 12.00
# Visual Studio Version 16
VisualStudioVersion = 16.0.34601.136
MinimumVisualStudioVersion = 10.0.40219.1
Project("{FAE04EC0-301F-11D3-BF4B-00C04F79EFBC}") = "Portfolio", "Portfolio.csproj", "{6FCBD845-BF7D-40C9-98B6-1C7933E3FB12}"
EndProject
Global
	GlobalSection(SolutionConfigurationPlatforms) = preSolution
		Debug|Any CPU = Debug|Any CPU
		Release|Any CPU = Release|Any CPU
	EndGlobalSection
	GlobalSection(ProjectConfigurationPlatforms) = postSolution
		{6FCBD845-BF7D-40C9-98B6-1C7933E3FB12}.Debug|Any CPU.ActiveCfg = Debug|Any CPU
		{6FCBD845-BF7D-40C9-98B6-1C7933E3FB12}.Debug|Any CPU.Build.0 = Debug|Any CPU
		{6FCBD845-BF7D-40C9-98B6-1C7933E3FB12}.Release|Any CPU.ActiveCfg = Release|Any CPU
		{6FCBD845-BF7D-40C9-98B6-1C7933E3FB12}.Release|Any CPU.Build.0 = Release|Any CPU
	EndGlobalSection
	GlobalSection(SolutionProperties) = preSolution
		HideSolutionNode = FALSE
	EndGlobalSection
	GlobalSection(ExtensibilityGlobals) = postSolution
		SolutionGuid = {16FA4D69-43B6-41C8-8C53-30D9381FC7AA}
	EndGlobalSection
EndGlobal
